// !$*UTF8*$!
{
	archiveVersion = 1;
	classes = {
	};
	objectVersion = 50;
	objects = {

/* Begin PBXBuildFile section */
		477CAC2D210FFDB80017F75E /* AppDelegate.swift in Sources */ = {isa = PBXBuildFile; fileRef = 477CAC2C210FFDB80017F75E /* AppDelegate.swift */; };
		477CAC2F210FFDB80017F75E /* ViewController.swift in Sources */ = {isa = PBXBuildFile; fileRef = 477CAC2E210FFDB80017F75E /* ViewController.swift */; };
		477CAC32210FFDB80017F75E /* Main.storyboard in Resources */ = {isa = PBXBuildFile; fileRef = 477CAC30210FFDB80017F75E /* Main.storyboard */; };
		477CAC34210FFDBE0017F75E /* Assets.xcassets in Resources */ = {isa = PBXBuildFile; fileRef = 477CAC33210FFDBE0017F75E /* Assets.xcassets */; };
		477CAC37210FFDBE0017F75E /* LaunchScreen.storyboard in Resources */ = {isa = PBXBuildFile; fileRef = 477CAC35210FFDBE0017F75E /* LaunchScreen.storyboard */; };
		477CAC3F210FFE900017F75E /* PXPullView.swift in Sources */ = {isa = PBXBuildFile; fileRef = 477CAC3E210FFE900017F75E /* PXPullView.swift */; };
/* End PBXBuildFile section */

/* Begin PBXFileReference section */
		477CAC29210FFDB80017F75E /* PullMenuView.app */ = {isa = PBXFileReference; explicitFileType = wrapper.application; includeInIndex = 0; path = PullMenuView.app; sourceTree = BUILT_PRODUCTS_DIR; };
		477CAC2C210FFDB80017F75E /* AppDelegate.swift */ = {isa = PBXFileReference; lastKnownFileType = sourcecode.swift; path = AppDelegate.swift; sourceTree = "<group>"; };
		477CAC2E210FFDB80017F75E /* ViewController.swift */ = {isa = PBXFileReference; lastKnownFileType = sourcecode.swift; path = ViewController.swift; sourceTree = "<group>"; };
		477CAC31210FFDB80017F75E /* Base */ = {isa = PBXFileReference; lastKnownFileType = file.storyboard; name = Base; path = Base.lproj/Main.storyboard; sourceTree = "<group>"; };
		477CAC33210FFDBE0017F75E /* Assets.xcassets */ = {isa = PBXFileReference; lastKnownFileType = folder.assetcatalog; path = Assets.xcassets; sourceTree = "<group>"; };
		477CAC36210FFDBE0017F75E /* Base */ = {isa = PBXFileReference; lastKnownFileType = file.storyboard; name = Base; path = Base.lproj/LaunchScreen.storyboard; sourceTree = "<group>"; };
		477CAC38210FFDBE0017F75E /* Info.plist */ = {isa = PBXFileReference; lastKnownFileType = text.plist.xml; path = Info.plist; sourceTree = "<group>"; };
		477CAC3E210FFE900017F75E /* PXPullView.swift */ = {isa = PBXFileReference; lastKnownFileType = sourcecode.swift; path = PXPullView.swift; sourceTree = "<group>"; };
/* End PBXFileReference section */

/* Begin PBXFrameworksBuildPhase section */
		477CAC26210FFDB80017F75E /* Frameworks */ = {
			isa = PBXFrameworksBuildPhase;
			buildActionMask = 2147483647;
			files = (
			);
			runOnlyForDeploymentPostprocessing = 0;
		};
/* End PBXFrameworksBuildPhase section */

/* Begin PBXGroup section */
		477CAC20210FFDB70017F75E = {
			isa = PBXGroup;
			children = (
				477CAC2B210FFDB80017F75E /* PullMenuView */,
				477CAC2A210FFDB80017F75E /* Products */,
			);
			sourceTree = "<group>";
		};
		477CAC2A210FFDB80017F75E /* Products */ = {
			isa = PBXGroup;
			children = (
				477CAC29210FFDB80017F75E /* PullMenuView.app */,
			);
			name = Products;
			sourceTree = "<group>";
		};
		477CAC2B210FFDB80017F75E /* PullMenuView */ = {
			isa = PBXGroup;
			children = (
				477CAC2C210FFDB80017F75E /* AppDelegate.swift */,
				477CAC2E210FFDB80017F75E /* ViewController.swift */,
				477CAC30210FFDB80017F75E /* Main.storyboard */,
				477CAC33210FFDBE0017F75E /* Assets.xcassets */,
				477CAC35210FFDBE0017F75E /* LaunchScreen.storyboard */,
				477CAC38210FFDBE0017F75E /* Info.plist */,
				477CAC3E210FFE900017F75E /* PXPullView.swift */,
			);
			path = PullMenuView;
			sourceTree = "<group>";
		};
/* End PBXGroup section */

/* Begin PBXNativeTarget section */
		477CAC28210FFDB80017F75E /* PullMenuView */ = {
			isa = PBXNativeTarget;
			buildConfigurationList = 477CAC3B210FFDBE0017F75E /* Build configuration list for PBXNativeTarget "PullMenuView" */;
			buildPhases = (
				477CAC25210FFDB80017F75E /* Sources */,
				477CAC26210FFDB80017F75E /* Frameworks */,
				477CAC27210FFDB80017F75E /* Resources */,
			);
			buildRules = (
			);
			dependencies = (
			);
			name = PullMenuView;
			productName = PullMenuView;
			productReference = 477CAC29210FFDB80017F75E /* PullMenuView.app */;
			productType = "com.apple.product-type.application";
		};
/* End PBXNativeTarget section */

/* Begin PBXProject section */
		477CAC21210FFDB80017F75E /* Project object */ = {
			isa = PBXProject;
			attributes = {
				LastSwiftUpdateCheck = 0940;
				LastUpgradeCheck = 0940;
				ORGANIZATIONNAME = px;
				TargetAttributes = {
					477CAC28210FFDB80017F75E = {
						CreatedOnToolsVersion = 9.4;
					};
				};
			};
			buildConfigurationList = 477CAC24210FFDB80017F75E /* Build configuration list for PBXProject "PullMenuView" */;
			compatibilityVersion = "Xcode 9.3";
			developmentRegion = en;
			hasScannedForEncodings = 0;
			knownRegions = (
				en,
				Base,
			);
			mainGroup = 477CAC20210FFDB70017F75E;
			productRefGroup = 477CAC2A210FFDB80017F75E /* Products */;
			projectDirPath = "";
			projectRoot = "";
			targets = (
				477CAC28210FFDB80017F75E /* PullMenuView */,
			);
		};
/* End PBXProject section */

/* Begin PBXResourcesBuildPhase section */
		477CAC27210FFDB80017F75E /* Resources */ = {
			isa = PBXResourcesBuildPhase;
			buildActionMask = 2147483647;
			files = (
				477CAC37210FFDBE0017F75E /* LaunchScreen.storyboard in Resources */,
				477CAC34210FFDBE0017F75E /* Assets.xcassets in Resources */,
				477CAC32210FFDB80017F75E /* Main.storyboard in Resources */,
			);
			runOnlyForDeploymentPostprocessing = 0;
		};
/* End PBXResourcesBuildPhase section */

/* Begin PBXSourcesBuildPhase section */
		477CAC25210FFDB80017F75E /* Sources */ = {
			isa = PBXSourcesBuildPhase;
			buildActionMask = 2147483647;
			files = (
				477CAC2F210FFDB80017F75E /* ViewController.swift in Sources */,
				477CAC2D210FFDB80017F75E /* AppDelegate.swift in Sources */,
				477CAC3F210FFE900017F75E /* PXPullView.swift in Sources */,
			);
			runOnlyForDeploymentPostprocessing = 0;
		};
/* End PBXSourcesBuildPhase section */

/* Begin PBXVariantGroup section */
		477CAC30210FFDB80017F75E /* Main.storyboard */ = {
			isa = PBXVariantGroup;
			children = (
				477CAC31210FFDB80017F75E /* Base */,
			);
			name = Main.storyboard;
			sourceTree = "<group>";
		};
		477CAC35210FFDBE0017F75E /* LaunchScreen.storyboard */ = {
			isa = PBXVariantGroup;
			children = (
				477CAC36210FFDBE0017F75E /* Base */,
			);
			name = LaunchScreen.storyboard;
			sourceTree = "<group>";
		};
/* End PBXVariantGroup section */

/* Begin XCBuildConfiguration section */
		477CAC39210FFDBE0017F75E /* Debug */ = {
			isa = XCBuildConfiguration;
			buildSettings = {
				ALWAYS_SEARCH_USER_PATHS = NO;
				CLANG_ANALYZER_NONNULL = YES;
				CLANG_ANALYZER_NUMBER_OBJECT_CONVERSION = YES_AGGRESSIVE;
				CLANG_CXX_LANGUAGE_STANDARD = "gnu++14";
				CLANG_CXX_LIBRARY = "libc++";
				CLANG_ENABLE_MODULES = YES;
				CLANG_ENABLE_OBJC_ARC = YES;
				CLANG_ENABLE_OBJC_WEAK = YES;
				CLANG_WARN_BLOCK_CAPTURE_AUTORELEASING = YES;
				CLANG_WARN_BOOL_CONVERSION = YES;
				CLANG_WARN_COMMA = YES;
				CLANG_WARN_CONSTANT_CONVERSION = YES;
				CLANG_WARN_DEPRECATED_OBJC_IMPLEMENTATIONS = YES;
				CLANG_WARN_DIRECT_OBJC_ISA_USAGE = YES_ERROR;
				CLANG_WARN_DOCUMENTATION_COMMENTS = YES;
				CLANG_WARN_EMPTY_BODY = YES;
				CLANG_WARN_ENUM_CONVERSION = YES;
				CLANG_WARN_INFINITE_RECURSION = YES;
				CLANG_WARN_INT_CONVERSION = YES;
				CLANG_WARN_NON_LITERAL_NULL_CONVERSION = YES;
				CLANG_WARN_OBJC_IMPLICIT_RETAIN_SELF = YES;
				CLANG_WARN_OBJC_LITERAL_CONVERSION = YES;
				CLANG_WARN_OBJC_ROOT_CLASS = YES_ERROR;
				CLANG_WARN_RANGE_LOOP_ANALYSIS = YES;
				CLANG_WARN_STRICT_PROTOTYPES = YES;
				CLANG_WARN_SUSPICIOUS_MOVE = YES;
				CLANG_WARN_UNGUARDED_AVAILABILITY = YES_AGGRESSIVE;
				CLANG_WARN_UNREACHABLE_CODE = YES;
				CLANG_WARN__DUPLICATE_METHOD_MATCH = YES;
				CODE_SIGN_IDENTITY = "iPhone Developer";
				COPY_PHASE_STRIP = NO;
				DEBUG_INFORMATION_FORMAT = dwarf;
				ENABLE_STRICT_OBJC_MSGSEND = YES;
				ENABLE_TESTABILITY = YES;
				GCC_C_LANGUAGE_STANDARD = gnu11;
				GCC_DYNAMIC_NO_PIC = NO;
				GCC_NO_COMMON_BLOCKS = YES;
				GCC_OPTIMIZATION_LEVEL = 0;
				GCC_PREPROCESSOR_DEFINITIONS = (
					"DEBUG=1",
					"$(inherited)",
				);
				GCC_WARN_64_TO_32_BIT_CONVERSION = YES;
				GCC_WARN_ABOUT_RETURN_TYPE = YES_ERROR;
				GCC_WARN_UNDECLARED_SELECTOR = YES;
				GCC_WARN_UNINITIALIZED_AUTOS = YES_AGGRESSIVE;
				GCC_WARN_UNUSED_FUNCTION = YES;
				GCC_WARN_UNUSED_VARIABLE = YES;
				IPHONEOS_DEPLOYMENT_TARGET = 11.4;
				MTL_ENABLE_DEBUG_INFO = YES;
				ONLY_ACTIVE_ARCH = YES;
				SDKROOT = iphoneos;
				SWIFT_ACTIVE_COMPILATION_CONDITIONS = DEBUG;
				SWIFT_OPTIMIZATION_LEVEL = "-Onone";
			};
			name = Debug;
		};
		477CAC3A210FFDBE0017F75E /* Release */ = {
			isa = XCBuildConfiguration;
			buildSettings = {
				ALWAYS_SEARCH_USER_PATHS = NO;
				CLANG_ANALYZER_NONNULL = YES;
				CLANG_ANALYZER_NUMBER_OBJECT_CONVERSION = YES_AGGRESSIVE;
				CLANG_CXX_LANGUAGE_STANDARD = "gnu++14";
				CLANG_CXX_LIBRARY = "libc++";
				CLANG_ENABLE_MODULES = YES;
				CLANG_ENABLE_OBJC_ARC = YES;
				CLANG_ENABLE_OBJC_WEAK = YES;
				CLANG_WARN_BLOCK_CAPTURE_AUTORELEASING = YES;
				CLANG_WARN_BOOL_CONVERSION = YES;
				CLANG_WARN_COMMA = YES;
				CLANG_WARN_CONSTANT_CONVERSION = YES;
				CLANG_WARN_DEPRECATED_OBJC_IMPLEMENTATIONS = YES;
				CLANG_WARN_DIRECT_OBJC_ISA_USAGE = YES_ERROR;
				CLANG_WARN_DOCUMENTATION_COMMENTS = YES;
				CLANG_WARN_EMPTY_BODY = YES;
				CLANG_WARN_ENUM_CONVERSION = YES;
				CLANG_WARN_INFINITE_RECURSION = YES;
				CLANG_WARN_INT_CONVERSION = YES;
				CLANG_WARN_NON_LITERAL_NULL_CONVERSION = YES;
				CLANG_WARN_OBJC_IMPLICIT_RETAIN_SELF = YES;
				CLANG_WARN_OBJC_LITERAL_CONVERSION = YES;
				CLANG_WARN_OBJC_ROOT_CLASS = YES_ERROR;
				CLANG_WARN_RANGE_LOOP_ANALYSIS = YES;
				CLANG_WARN_STRICT_PROTOTYPES = YES;
				CLANG_WARN_SUSPICIOUS_MOVE = YES;
				CLANG_WARN_UNGUARDED_AVAILABILITY = YES_AGGRESSIVE;
				CLANG_WARN_UNREACHABLE_CODE = YES;
				CLANG_WARN__DUPLICATE_METHOD_MATCH = YES;
				CODE_SIGN_IDENTITY = "iPhone Developer";
				COPY_PHASE_STRIP = NO;
				DEBUG_INFORMATION_FORMAT = "dwarf-with-dsym";
				ENABLE_NS_ASSERTIONS = NO;
				ENABLE_STRICT_OBJC_MSGSEND = YES;
				GCC_C_LANGUAGE_STANDARD = gnu11;
				GCC_NO_COMMON_BLOCKS = YES;
				GCC_WARN_64_TO_32_BIT_CONVERSION = YES;
				GCC_WARN_ABOUT_RETURN_TYPE = YES_ERROR;
				GCC_WARN_UNDECLARED_SELECTOR = YES;
				GCC_WARN_UNINITIALIZED_AUTOS = YES_AGGRESSIVE;
				GCC_WARN_UNUSED_FUNCTION = YES;
				GCC_WARN_UNUSED_VARIABLE = YES;
				IPHONEOS_DEPLOYMENT_TARGET = 11.4;
				MTL_ENABLE_DEBUG_INFO = NO;
				SDKROOT = iphoneos;
				SWIFT_COMPILATION_MODE = wholemodule;
				SWIFT_OPTIMIZATION_LEVEL = "-O";
				VALIDATE_PRODUCT = YES;
			};
			name = Release;
		};
		477CAC3C210FFDBE0017F75E /* Debug */ = {
			isa = XCBuildConfiguration;
			buildSettings = {
				ASSETCATALOG_COMPILER_APPICON_NAME = AppIcon;
				CODE_SIGN_STYLE = Automatic;
				DEVELOPMENT_TEAM = UV8CZEBZE7;
				INFOPLIST_FILE = PullMenuView/Info.plist;
				LD_RUNPATH_SEARCH_PATHS = (
					"$(inherited)",
					"@executable_path/Frameworks",
				);
				PRODUCT_BUNDLE_IDENTIFIER = com.px.PullMenuView;
				PRODUCT_NAME = "$(TARGET_NAME)";
				SWIFT_VERSION = 4.0;
				TARGETED_DEVICE_FAMILY = "1,2";
			};
			name = Debug;
		};
		477CAC3D210FFDBE0017F75E /* Release */ = {
			isa = XCBuildConfiguration;
			buildSettings = {
				ASSETCATALOG_COMPILER_APPICON_NAME = AppIcon;
				CODE_SIGN_STYLE = Automatic;
				DEVELOPMENT_TEAM = UV8CZEBZE7;
				INFOPLIST_FILE = PullMenuView/Info.plist;
				LD_RUNPATH_SEARCH_PATHS = (
					"$(inherited)",
					"@executable_path/Frameworks",
				);
				PRODUCT_BUNDLE_IDENTIFIER = com.px.PullMenuView;
				PRODUCT_NAME = "$(TARGET_NAME)";
				SWIFT_VERSION = 4.0;
				TARGETED_DEVICE_FAMILY = "1,2";
			};
			name = Release;
		};
/* End XCBuildConfiguration section */

/* Begin XCConfigurationList section */
		477CAC24210FFDB80017F75E /* Build configuration list for PBXProject "PullMenuView" */ = {
			isa = XCConfigurationList;
			buildConfigurations = (
				477CAC39210FFDBE0017F75E /* Debug */,
				477CAC3A210FFDBE0017F75E /* Release */,
			);
			defaultConfigurationIsVisible = 0;
			defaultConfigurationName = Release;
		};
		477CAC3B210FFDBE0017F75E /* Build configuration list for PBXNativeTarget "PullMenuView" */ = {
			isa = XCConfigurationList;
			buildConfigurations = (
				477CAC3C210FFDBE0017F75E /* Debug */,
				477CAC3D210FFDBE0017F75E /* Release */,
			);
			defaultConfigurationIsVisible = 0;
			defaultConfigurationName = Release;
		};
/* End XCConfigurationList section */
	};
	rootObject = 477CAC21210FFDB80017F75E /* Project object */;
}
